// !$*UTF8*$!
{
	archiveVersion = 1;
	classes = {
	};
	objectVersion = 50;
	objects = {

/* Begin PBXBuildFile section */
		3DB00E1728AFD1A0001B4363 /* AppDelegate.swift in Sources */ = {isa = PBXBuildFile; fileRef = 3DB00E1628AFD1A0001B4363 /* AppDelegate.swift */; };
		3DB00E1928AFD1A0001B4363 /* ViewController.swift in Sources */ = {isa = PBXBuildFile; fileRef = 3DB00E1828AFD1A0001B4363 /* ViewController.swift */; };
		3DB00E1C28AFD1A0001B4363 /* Main.storyboard in Resources */ = {isa = PBXBuildFile; fileRef = 3DB00E1A28AFD1A0001B4363 /* Main.storyboard */; };
		3DB00E1E28AFD1A2001B4363 /* Assets.xcassets in Resources */ = {isa = PBXBuildFile; fileRef = 3DB00E1D28AFD1A2001B4363 /* Assets.xcassets */; };
		3DB00E2128AFD1A2001B4363 /* LaunchScreen.storyboard in Resources */ = {isa = PBXBuildFile; fileRef = 3DB00E1F28AFD1A2001B4363 /* LaunchScreen.storyboard */; };
		3DB00E2C28AFD1A3001B4363 /* CalculadoraTests.swift in Sources */ = {isa = PBXBuildFile; fileRef = 3DB00E2B28AFD1A3001B4363 /* CalculadoraTests.swift */; };
		3DB00E3728AFD1A3001B4363 /* CalculadoraUITests.swift in Sources */ = {isa = PBXBuildFile; fileRef = 3DB00E3628AFD1A3001B4363 /* CalculadoraUITests.swift */; };
/* End PBXBuildFile section */

/* Begin PBXContainerItemProxy section */
		3DB00E2828AFD1A3001B4363 /* PBXContainerItemProxy */ = {
			isa = PBXContainerItemProxy;
			containerPortal = 3DB00E0B28AFD1A0001B4363 /* Project object */;
			proxyType = 1;
			remoteGlobalIDString = 3DB00E1228AFD1A0001B4363;
			remoteInfo = Calculadora;
		};
		3DB00E3328AFD1A3001B4363 /* PBXContainerItemProxy */ = {
			isa = PBXContainerItemProxy;
			containerPortal = 3DB00E0B28AFD1A0001B4363 /* Project object */;
			proxyType = 1;
			remoteGlobalIDString = 3DB00E1228AFD1A0001B4363;
			remoteInfo = Calculadora;
		};
/* End PBXContainerItemProxy section */

/* Begin PBXFileReference section */
		3DB00E1328AFD1A0001B4363 /* Calculadora.app */ = {isa = PBXFileReference; explicitFileType = wrapper.application; includeInIndex = 0; path = Calculadora.app; sourceTree = BUILT_PRODUCTS_DIR; };
		3DB00E1628AFD1A0001B4363 /* AppDelegate.swift */ = {isa = PBXFileReference; lastKnownFileType = sourcecode.swift; path = AppDelegate.swift; sourceTree = "<group>"; };
		3DB00E1828AFD1A0001B4363 /* ViewController.swift */ = {isa = PBXFileReference; lastKnownFileType = sourcecode.swift; path = ViewController.swift; sourceTree = "<group>"; };
		3DB00E1B28AFD1A0001B4363 /* Base */ = {isa = PBXFileReference; lastKnownFileType = file.storyboard; name = Base; path = Base.lproj/Main.storyboard; sourceTree = "<group>"; };
		3DB00E1D28AFD1A2001B4363 /* Assets.xcassets */ = {isa = PBXFileReference; lastKnownFileType = folder.assetcatalog; path = Assets.xcassets; sourceTree = "<group>"; };
		3DB00E2028AFD1A2001B4363 /* Base */ = {isa = PBXFileReference; lastKnownFileType = file.storyboard; name = Base; path = Base.lproj/LaunchScreen.storyboard; sourceTree = "<group>"; };
		3DB00E2228AFD1A2001B4363 /* Info.plist */ = {isa = PBXFileReference; lastKnownFileType = text.plist.xml; path = Info.plist; sourceTree = "<group>"; };
		3DB00E2728AFD1A3001B4363 /* CalculadoraTests.xctest */ = {isa = PBXFileReference; explicitFileType = wrapper.cfbundle; includeInIndex = 0; path = CalculadoraTests.xctest; sourceTree = BUILT_PRODUCTS_DIR; };
		3DB00E2B28AFD1A3001B4363 /* CalculadoraTests.swift */ = {isa = PBXFileReference; lastKnownFileType = sourcecode.swift; path = CalculadoraTests.swift; sourceTree = "<group>"; };
		3DB00E2D28AFD1A3001B4363 /* Info.plist */ = {isa = PBXFileReference; lastKnownFileType = text.plist.xml; path = Info.plist; sourceTree = "<group>"; };
		3DB00E3228AFD1A3001B4363 /* CalculadoraUITests.xctest */ = {isa = PBXFileReference; explicitFileType = wrapper.cfbundle; includeInIndex = 0; path = CalculadoraUITests.xctest; sourceTree = BUILT_PRODUCTS_DIR; };
		3DB00E3628AFD1A3001B4363 /* CalculadoraUITests.swift */ = {isa = PBXFileReference; lastKnownFileType = sourcecode.swift; path = CalculadoraUITests.swift; sourceTree = "<group>"; };
		3DB00E3828AFD1A3001B4363 /* Info.plist */ = {isa = PBXFileReference; lastKnownFileType = text.plist.xml; path = Info.plist; sourceTree = "<group>"; };
/* End PBXFileReference section */

/* Begin PBXFrameworksBuildPhase section */
		3DB00E1028AFD1A0001B4363 /* Frameworks */ = {
			isa = PBXFrameworksBuildPhase;
			buildActionMask = 2147483647;
			files = (
			);
			runOnlyForDeploymentPostprocessing = 0;
		};
		3DB00E2428AFD1A3001B4363 /* Frameworks */ = {
			isa = PBXFrameworksBuildPhase;
			buildActionMask = 2147483647;
			files = (
			);
			runOnlyForDeploymentPostprocessing = 0;
		};
		3DB00E2F28AFD1A3001B4363 /* Frameworks */ = {
			isa = PBXFrameworksBuildPhase;
			buildActionMask = 2147483647;
			files = (
			);
			runOnlyForDeploymentPostprocessing = 0;
		};
/* End PBXFrameworksBuildPhase section */

/* Begin PBXGroup section */
		3DB00E0A28AFD1A0001B4363 = {
			isa = PBXGroup;
			children = (
				3DB00E1528AFD1A0001B4363 /* Calculadora */,
				3DB00E2A28AFD1A3001B4363 /* CalculadoraTests */,
				3DB00E3528AFD1A3001B4363 /* CalculadoraUITests */,
				3DB00E1428AFD1A0001B4363 /* Products */,
			);
			sourceTree = "<group>";
		};
		3DB00E1428AFD1A0001B4363 /* Products */ = {
			isa = PBXGroup;
			children = (
				3DB00E1328AFD1A0001B4363 /* Calculadora.app */,
				3DB00E2728AFD1A3001B4363 /* CalculadoraTests.xctest */,
				3DB00E3228AFD1A3001B4363 /* CalculadoraUITests.xctest */,
			);
			name = Products;
			sourceTree = "<group>";
		};
		3DB00E1528AFD1A0001B4363 /* Calculadora */ = {
			isa = PBXGroup;
			children = (
				3DB00E1628AFD1A0001B4363 /* AppDelegate.swift */,
				3DB00E1828AFD1A0001B4363 /* ViewController.swift */,
				3DB00E1A28AFD1A0001B4363 /* Main.storyboard */,
				3DB00E1D28AFD1A2001B4363 /* Assets.xcassets */,
				3DB00E1F28AFD1A2001B4363 /* LaunchScreen.storyboard */,
				3DB00E2228AFD1A2001B4363 /* Info.plist */,
			);
			path = Calculadora;
			sourceTree = "<group>";
		};
		3DB00E2A28AFD1A3001B4363 /* CalculadoraTests */ = {
			isa = PBXGroup;
			children = (
				3DB00E2B28AFD1A3001B4363 /* CalculadoraTests.swift */,
				3DB00E2D28AFD1A3001B4363 /* Info.plist */,
			);
			path = CalculadoraTests;
			sourceTree = "<group>";
		};
		3DB00E3528AFD1A3001B4363 /* CalculadoraUITests */ = {
			isa = PBXGroup;
			children = (
				3DB00E3628AFD1A3001B4363 /* CalculadoraUITests.swift */,
				3DB00E3828AFD1A3001B4363 /* Info.plist */,
			);
			path = CalculadoraUITests;
			sourceTree = "<group>";
		};
/* End PBXGroup section */

/* Begin PBXNativeTarget section */
		3DB00E1228AFD1A0001B4363 /* Calculadora */ = {
			isa = PBXNativeTarget;
			buildConfigurationList = 3DB00E3B28AFD1A3001B4363 /* Build configuration list for PBXNativeTarget "Calculadora" */;
			buildPhases = (
				3DB00E0F28AFD1A0001B4363 /* Sources */,
				3DB00E1028AFD1A0001B4363 /* Frameworks */,
				3DB00E1128AFD1A0001B4363 /* Resources */,
			);
			buildRules = (
			);
			dependencies = (
			);
			name = Calculadora;
			productName = Calculadora;
			productReference = 3DB00E1328AFD1A0001B4363 /* Calculadora.app */;
			productType = "com.apple.product-type.application";
		};
		3DB00E2628AFD1A3001B4363 /* CalculadoraTests */ = {
			isa = PBXNativeTarget;
			buildConfigurationList = 3DB00E3E28AFD1A3001B4363 /* Build configuration list for PBXNativeTarget "CalculadoraTests" */;
			buildPhases = (
				3DB00E2328AFD1A3001B4363 /* Sources */,
				3DB00E2428AFD1A3001B4363 /* Frameworks */,
				3DB00E2528AFD1A3001B4363 /* Resources */,
			);
			buildRules = (
			);
			dependencies = (
				3DB00E2928AFD1A3001B4363 /* PBXTargetDependency */,
			);
			name = CalculadoraTests;
			productName = CalculadoraTests;
			productReference = 3DB00E2728AFD1A3001B4363 /* CalculadoraTests.xctest */;
			productType = "com.apple.product-type.bundle.unit-test";
		};
		3DB00E3128AFD1A3001B4363 /* CalculadoraUITests */ = {
			isa = PBXNativeTarget;
			buildConfigurationList = 3DB00E4128AFD1A3001B4363 /* Build configuration list for PBXNativeTarget "CalculadoraUITests" */;
			buildPhases = (
				3DB00E2E28AFD1A3001B4363 /* Sources */,
				3DB00E2F28AFD1A3001B4363 /* Frameworks */,
				3DB00E3028AFD1A3001B4363 /* Resources */,
			);
			buildRules = (
			);
			dependencies = (
				3DB00E3428AFD1A3001B4363 /* PBXTargetDependency */,
			);
			name = CalculadoraUITests;
			productName = CalculadoraUITests;
			productReference = 3DB00E3228AFD1A3001B4363 /* CalculadoraUITests.xctest */;
			productType = "com.apple.product-type.bundle.ui-testing";
		};
/* End PBXNativeTarget section */

/* Begin PBXProject section */
		3DB00E0B28AFD1A0001B4363 /* Project object */ = {
			isa = PBXProject;
			attributes = {
				LastSwiftUpdateCheck = 0940;
				LastUpgradeCheck = 0940;
				ORGANIZATIONNAME = Alumno;
				TargetAttributes = {
					3DB00E1228AFD1A0001B4363 = {
						CreatedOnToolsVersion = 9.4.1;
					};
					3DB00E2628AFD1A3001B4363 = {
						CreatedOnToolsVersion = 9.4.1;
						TestTargetID = 3DB00E1228AFD1A0001B4363;
					};
					3DB00E3128AFD1A3001B4363 = {
						CreatedOnToolsVersion = 9.4.1;
						TestTargetID = 3DB00E1228AFD1A0001B4363;
					};
				};
			};
			buildConfigurationList = 3DB00E0E28AFD1A0001B4363 /* Build configuration list for PBXProject "Calculadora" */;
			compatibilityVersion = "Xcode 9.3";
			developmentRegion = en;
			hasScannedForEncodings = 0;
			knownRegions = (
				en,
				Base,
			);
			mainGroup = 3DB00E0A28AFD1A0001B4363;
			productRefGroup = 3DB00E1428AFD1A0001B4363 /* Products */;
			projectDirPath = "";
			projectRoot = "";
			targets = (
				3DB00E1228AFD1A0001B4363 /* Calculadora */,
				3DB00E2628AFD1A3001B4363 /* CalculadoraTests */,
				3DB00E3128AFD1A3001B4363 /* CalculadoraUITests */,
			);
		};
/* End PBXProject section */

/* Begin PBXResourcesBuildPhase section */
		3DB00E1128AFD1A0001B4363 /* Resources */ = {
			isa = PBXResourcesBuildPhase;
			buildActionMask = 2147483647;
			files = (
				3DB00E2128AFD1A2001B4363 /* LaunchScreen.storyboard in Resources */,
				3DB00E1E28AFD1A2001B4363 /* Assets.xcassets in Resources */,
				3DB00E1C28AFD1A0001B4363 /* Main.storyboard in Resources */,
			);
			runOnlyForDeploymentPostprocessing = 0;
		};
		3DB00E2528AFD1A3001B4363 /* Resources */ = {
			isa = PBXResourcesBuildPhase;
			buildActionMask = 2147483647;
			files = (
			);
			runOnlyForDeploymentPostprocessing = 0;
		};
		3DB00E3028AFD1A3001B4363 /* Resources */ = {
			isa = PBXResourcesBuildPhase;
			buildActionMask = 2147483647;
			files = (
			);
			runOnlyForDeploymentPostprocessing = 0;
		};
/* End PBXResourcesBuildPhase section */

/* Begin PBXSourcesBuildPhase section */
		3DB00E0F28AFD1A0001B4363 /* Sources */ = {
			isa = PBXSourcesBuildPhase;
			buildActionMask = 2147483647;
			files = (
				3DB00E1928AFD1A0001B4363 /* ViewController.swift in Sources */,
				3DB00E1728AFD1A0001B4363 /* AppDelegate.swift in Sources */,
			);
			runOnlyForDeploymentPostprocessing = 0;
		};
		3DB00E2328AFD1A3001B4363 /* Sources */ = {
			isa = PBXSourcesBuildPhase;
			buildActionMask = 2147483647;
			files = (
				3DB00E2C28AFD1A3001B4363 /* CalculadoraTests.swift in Sources */,
			);
			runOnlyForDeploymentPostprocessing = 0;
		};
		3DB00E2E28AFD1A3001B4363 /* Sources */ = {
			isa = PBXSourcesBuildPhase;
			buildActionMask = 2147483647;
			files = (
				3DB00E3728AFD1A3001B4363 /* CalculadoraUITests.swift in Sources */,
			);
			runOnlyForDeploymentPostprocessing = 0;
		};
/* End PBXSourcesBuildPhase section */

/* Begin PBXTargetDependency section */
		3DB00E2928AFD1A3001B4363 /* PBXTargetDependency */ = {
			isa = PBXTargetDependency;
			target = 3DB00E1228AFD1A0001B4363 /* Calculadora */;
			targetProxy = 3DB00E2828AFD1A3001B4363 /* PBXContainerItemProxy */;
		};
		3DB00E3428AFD1A3001B4363 /* PBXTargetDependency */ = {
			isa = PBXTargetDependency;
			target = 3DB00E1228AFD1A0001B4363 /* Calculadora */;
			targetProxy = 3DB00E3328AFD1A3001B4363 /* PBXContainerItemProxy */;
		};
/* End PBXTargetDependency section */

/* Begin PBXVariantGroup section */
		3DB00E1A28AFD1A0001B4363 /* Main.storyboard */ = {
			isa = PBXVariantGroup;
			children = (
				3DB00E1B28AFD1A0001B4363 /* Base */,
			);
			name = Main.storyboard;
			sourceTree = "<group>";
		};
		3DB00E1F28AFD1A2001B4363 /* LaunchScreen.storyboard */ = {
			isa = PBXVariantGroup;
			children = (
				3DB00E2028AFD1A2001B4363 /* Base */,
			);
			name = LaunchScreen.storyboard;
			sourceTree = "<group>";
		};
/* End PBXVariantGroup section */

/* Begin XCBuildConfiguration section */
		3DB00E3928AFD1A3001B4363 /* Debug */ = {
			isa = XCBuildConfiguration;
			buildSettings = {
				ALWAYS_SEARCH_USER_PATHS = NO;
				CLANG_ANALYZER_NONNULL = YES;
				CLANG_ANALYZER_NUMBER_OBJECT_CONVERSION = YES_AGGRESSIVE;
				CLANG_CXX_LANGUAGE_STANDARD = "gnu++14";
				CLANG_CXX_LIBRARY = "libc++";
				CLANG_ENABLE_MODULES = YES;
				CLANG_ENABLE_OBJC_ARC = YES;
				CLANG_ENABLE_OBJC_WEAK = YES;
				CLANG_WARN_BLOCK_CAPTURE_AUTORELEASING = YES;
				CLANG_WARN_BOOL_CONVERSION = YES;
				CLANG_WARN_COMMA = YES;
				CLANG_WARN_CONSTANT_CONVERSION = YES;
				CLANG_WARN_DEPRECATED_OBJC_IMPLEMENTATIONS = YES;
				CLANG_WARN_DIRECT_OBJC_ISA_USAGE = YES_ERROR;
				CLANG_WARN_DOCUMENTATION_COMMENTS = YES;
				CLANG_WARN_EMPTY_BODY = YES;
				CLANG_WARN_ENUM_CONVERSION = YES;
				CLANG_WARN_INFINITE_RECURSION = YES;
				CLANG_WARN_INT_CONVERSION = YES;
				CLANG_WARN_NON_LITERAL_NULL_CONVERSION = YES;
				CLANG_WARN_OBJC_IMPLICIT_RETAIN_SELF = YES;
				CLANG_WARN_OBJC_LITERAL_CONVERSION = YES;
				CLANG_WARN_OBJC_ROOT_CLASS = YES_ERROR;
				CLANG_WARN_RANGE_LOOP_ANALYSIS = YES;
				CLANG_WARN_STRICT_PROTOTYPES = YES;
				CLANG_WARN_SUSPICIOUS_MOVE = YES;
				CLANG_WARN_UNGUARDED_AVAILABILITY = YES_AGGRESSIVE;
				CLANG_WARN_UNREACHABLE_CODE = YES;
				CLANG_WARN__DUPLICATE_METHOD_MATCH = YES;
				CODE_SIGN_IDENTITY = "iPhone Developer";
				COPY_PHASE_STRIP = NO;
				DEBUG_INFORMATION_FORMAT = dwarf;
				ENABLE_STRICT_OBJC_MSGSEND = YES;
				ENABLE_TESTABILITY = YES;
				GCC_C_LANGUAGE_STANDARD = gnu11;
				GCC_DYNAMIC_NO_PIC = NO;
				GCC_NO_COMMON_BLOCKS = YES;
				GCC_OPTIMIZATION_LEVEL = 0;
				GCC_PREPROCESSOR_DEFINITIONS = (
					"DEBUG=1",
					"$(inherited)",
				);
				GCC_WARN_64_TO_32_BIT_CONVERSION = YES;
				GCC_WARN_ABOUT_RETURN_TYPE = YES_ERROR;
				GCC_WARN_UNDECLARED_SELECTOR = YES;
				GCC_WARN_UNINITIALIZED_AUTOS = YES_AGGRESSIVE;
				GCC_WARN_UNUSED_FUNCTION = YES;
				GCC_WARN_UNUSED_VARIABLE = YES;
				IPHONEOS_DEPLOYMENT_TARGET = 11.4;
				MTL_ENABLE_DEBUG_INFO = YES;
				ONLY_ACTIVE_ARCH = YES;
				SDKROOT = iphoneos;
				SWIFT_ACTIVE_COMPILATION_CONDITIONS = DEBUG;
				SWIFT_OPTIMIZATION_LEVEL = "-Onone";
			};
			name = Debug;
		};
		3DB00E3A28AFD1A3001B4363 /* Release */ = {
			isa = XCBuildConfiguration;
			buildSettings = {
				ALWAYS_SEARCH_USER_PATHS = NO;
				CLANG_ANALYZER_NONNULL = YES;
				CLANG_ANALYZER_NUMBER_OBJECT_CONVERSION = YES_AGGRESSIVE;
				CLANG_CXX_LANGUAGE_STANDARD = "gnu++14";
				CLANG_CXX_LIBRARY = "libc++";
				CLANG_ENABLE_MODULES = YES;
				CLANG_ENABLE_OBJC_ARC = YES;
				CLANG_ENABLE_OBJC_WEAK = YES;
				CLANG_WARN_BLOCK_CAPTURE_AUTORELEASING = YES;
				CLANG_WARN_BOOL_CONVERSION = YES;
				CLANG_WARN_COMMA = YES;
				CLANG_WARN_CONSTANT_CONVERSION = YES;
				CLANG_WARN_DEPRECATED_OBJC_IMPLEMENTATIONS = YES;
				CLANG_WARN_DIRECT_OBJC_ISA_USAGE = YES_ERROR;
				CLANG_WARN_DOCUMENTATION_COMMENTS = YES;
				CLANG_WARN_EMPTY_BODY = YES;
				CLANG_WARN_ENUM_CONVERSION = YES;
				CLANG_WARN_INFINITE_RECURSION = YES;
				CLANG_WARN_INT_CONVERSION = YES;
				CLANG_WARN_NON_LITERAL_NULL_CONVERSION = YES;
				CLANG_WARN_OBJC_IMPLICIT_RETAIN_SELF = YES;
				CLANG_WARN_OBJC_LITERAL_CONVERSION = YES;
				CLANG_WARN_OBJC_ROOT_CLASS = YES_ERROR;
				CLANG_WARN_RANGE_LOOP_ANALYSIS = YES;
				CLANG_WARN_STRICT_PROTOTYPES = YES;
				CLANG_WARN_SUSPICIOUS_MOVE = YES;
				CLANG_WARN_UNGUARDED_AVAILABILITY = YES_AGGRESSIVE;
				CLANG_WARN_UNREACHABLE_CODE = YES;
				CLANG_WARN__DUPLICATE_METHOD_MATCH = YES;
				CODE_SIGN_IDENTITY = "iPhone Developer";
				COPY_PHASE_STRIP = NO;
				DEBUG_INFORMATION_FORMAT = "dwarf-with-dsym";
				ENABLE_NS_ASSERTIONS = NO;
				ENABLE_STRICT_OBJC_MSGSEND = YES;
				GCC_C_LANGUAGE_STANDARD = gnu11;
				GCC_NO_COMMON_BLOCKS = YES;
				GCC_WARN_64_TO_32_BIT_CONVERSION = YES;
				GCC_WARN_ABOUT_RETURN_TYPE = YES_ERROR;
				GCC_WARN_UNDECLARED_SELECTOR = YES;
				GCC_WARN_UNINITIALIZED_AUTOS = YES_AGGRESSIVE;
				GCC_WARN_UNUSED_FUNCTION = YES;
				GCC_WARN_UNUSED_VARIABLE = YES;
				IPHONEOS_DEPLOYMENT_TARGET = 11.4;
				MTL_ENABLE_DEBUG_INFO = NO;
				SDKROOT = iphoneos;
				SWIFT_COMPILATION_MODE = wholemodule;
				SWIFT_OPTIMIZATION_LEVEL = "-O";
				VALIDATE_PRODUCT = YES;
			};
			name = Release;
		};
		3DB00E3C28AFD1A3001B4363 /* Debug */ = {
			isa = XCBuildConfiguration;
			buildSettings = {
				ASSETCATALOG_COMPILER_APPICON_NAME = AppIcon;
				CODE_SIGN_STYLE = Automatic;
				INFOPLIST_FILE = Calculadora/Info.plist;
				LD_RUNPATH_SEARCH_PATHS = (
					"$(inherited)",
					"@executable_path/Frameworks",
				);
				PRODUCT_BUNDLE_IDENTIFIER = edu.ulsa.Calculadora;
				PRODUCT_NAME = "$(TARGET_NAME)";
				SWIFT_VERSION = 4.0;
				TARGETED_DEVICE_FAMILY = "1,2";
			};
			name = Debug;
		};
		3DB00E3D28AFD1A3001B4363 /* Release */ = {
			isa = XCBuildConfiguration;
			buildSettings = {
				ASSETCATALOG_COMPILER_APPICON_NAME = AppIcon;
				CODE_SIGN_STYLE = Automatic;
				INFOPLIST_FILE = Calculadora/Info.plist;
				LD_RUNPATH_SEARCH_PATHS = (
					"$(inherited)",
					"@executable_path/Frameworks",
				);
				PRODUCT_BUNDLE_IDENTIFIER = edu.ulsa.Calculadora;
				PRODUCT_NAME = "$(TARGET_NAME)";
				SWIFT_VERSION = 4.0;
				TARGETED_DEVICE_FAMILY = "1,2";
			};
			name = Release;
		};
		3DB00E3F28AFD1A3001B4363 /* Debug */ = {
			isa = XCBuildConfiguration;
			buildSettings = {
				ALWAYS_EMBED_SWIFT_STANDARD_LIBRARIES = YES;
				BUNDLE_LOADER = "$(TEST_HOST)";
				CODE_SIGN_STYLE = Automatic;
				INFOPLIST_FILE = CalculadoraTests/Info.plist;
				LD_RUNPATH_SEARCH_PATHS = (
					"$(inherited)",
					"@executable_path/Frameworks",
					"@loader_path/Frameworks",
				);
				PRODUCT_BUNDLE_IDENTIFIER = edu.ulsa.CalculadoraTests;
				PRODUCT_NAME = "$(TARGET_NAME)";
				SWIFT_VERSION = 4.0;
				TARGETED_DEVICE_FAMILY = "1,2";
				TEST_HOST = "$(BUILT_PRODUCTS_DIR)/Calculadora.app/Calculadora";
			};
			name = Debug;
		};
		3DB00E4028AFD1A3001B4363 /* Release */ = {
			isa = XCBuildConfiguration;
			buildSettings = {
				ALWAYS_EMBED_SWIFT_STANDARD_LIBRARIES = YES;
				BUNDLE_LOADER = "$(TEST_HOST)";
				CODE_SIGN_STYLE = Automatic;
				INFOPLIST_FILE = CalculadoraTests/Info.plist;
				LD_RUNPATH_SEARCH_PATHS = (
					"$(inherited)",
					"@executable_path/Frameworks",
					"@loader_path/Frameworks",
				);
				PRODUCT_BUNDLE_IDENTIFIER = edu.ulsa.CalculadoraTests;
				PRODUCT_NAME = "$(TARGET_NAME)";
				SWIFT_VERSION = 4.0;
				TARGETED_DEVICE_FAMILY = "1,2";
				TEST_HOST = "$(BUILT_PRODUCTS_DIR)/Calculadora.app/Calculadora";
			};
			name = Release;
		};
		3DB00E4228AFD1A3001B4363 /* Debug */ = {
			isa = XCBuildConfiguration;
			buildSettings = {
				ALWAYS_EMBED_SWIFT_STANDARD_LIBRARIES = YES;
				CODE_SIGN_STYLE = Automatic;
				INFOPLIST_FILE = CalculadoraUITests/Info.plist;
				LD_RUNPATH_SEARCH_PATHS = (
					"$(inherited)",
					"@executable_path/Frameworks",
					"@loader_path/Frameworks",
				);
				PRODUCT_BUNDLE_IDENTIFIER = edu.ulsa.CalculadoraUITests;
				PRODUCT_NAME = "$(TARGET_NAME)";
				SWIFT_VERSION = 4.0;
				TARGETED_DEVICE_FAMILY = "1,2";
				TEST_TARGET_NAME = Calculadora;
			};
			name = Debug;
		};
		3DB00E4328AFD1A3001B4363 /* Release */ = {
			isa = XCBuildConfiguration;
			buildSettings = {
				ALWAYS_EMBED_SWIFT_STANDARD_LIBRARIES = YES;
				CODE_SIGN_STYLE = Automatic;
				INFOPLIST_FILE = CalculadoraUITests/Info.plist;
				LD_RUNPATH_SEARCH_PATHS = (
					"$(inherited)",
					"@executable_path/Frameworks",
					"@loader_path/Frameworks",
				);
				PRODUCT_BUNDLE_IDENTIFIER = edu.ulsa.CalculadoraUITests;
				PRODUCT_NAME = "$(TARGET_NAME)";
				SWIFT_VERSION = 4.0;
				TARGETED_DEVICE_FAMILY = "1,2";
				TEST_TARGET_NAME = Calculadora;
			};
			name = Release;
		};
/* End XCBuildConfiguration section */

/* Begin XCConfigurationList section */
		3DB00E0E28AFD1A0001B4363 /* Build configuration list for PBXProject "Calculadora" */ = {
			isa = XCConfigurationList;
			buildConfigurations = (
				3DB00E3928AFD1A3001B4363 /* Debug */,
				3DB00E3A28AFD1A3001B4363 /* Release */,
			);
			defaultConfigurationIsVisible = 0;
			defaultConfigurationName = Release;
		};
		3DB00E3B28AFD1A3001B4363 /* Build configuration list for PBXNativeTarget "Calculadora" */ = {
			isa = XCConfigurationList;
			buildConfigurations = (
				3DB00E3C28AFD1A3001B4363 /* Debug */,
				3DB00E3D28AFD1A3001B4363 /* Release */,
			);
			defaultConfigurationIsVisible = 0;
			defaultConfigurationName = Release;
		};
		3DB00E3E28AFD1A3001B4363 /* Build configuration list for PBXNativeTarget "CalculadoraTests" */ = {
			isa = XCConfigurationList;
			buildConfigurations = (
				3DB00E3F28AFD1A3001B4363 /* Debug */,
				3DB00E4028AFD1A3001B4363 /* Release */,
			);
			defaultConfigurationIsVisible = 0;
			defaultConfigurationName = Release;
		};
		3DB00E4128AFD1A3001B4363 /* Build configuration list for PBXNativeTarget "CalculadoraUITests" */ = {
			isa = XCConfigurationList;
			buildConfigurations = (
				3DB00E4228AFD1A3001B4363 /* Debug */,
				3DB00E4328AFD1A3001B4363 /* Release */,
			);
			defaultConfigurationIsVisible = 0;
			defaultConfigurationName = Release;
		};
/* End XCConfigurationList section */
	};
	rootObject = 3DB00E0B28AFD1A0001B4363 /* Project object */;
}
